
Microsoft Visual Studio Solution File, Format Version 12.00
# Visual Studio 14
VisualStudioVersion = 14.0.24720.0
MinimumVisualStudioVersion = 10.0.40219.1
Project("{8BC9CEB8-8B4A-11D0-8D11-00A0C91BC942}") = "ArduinoAlert", "ArduinoAlert\ArduinoAlert.vcxproj", "{C5F80730-F44F-4478-BDAE-6634EFC2CA88}"
EndProject
Project("{9092AA53-FB77-4645-B42D-1CCCA6BD08BD}") = "ExpressApp", "ExpressApp\ExpressApp.njsproj", "{09112CDF-8949-4F8C-8568-6FD7D8BEDA2C}"
EndProject
Project("{9092AA53-FB77-4645-B42D-1CCCA6BD08BD}") = "NodejsConsoleApp", "NodejsConsoleApp\NodejsConsoleApp.njsproj", "{A9327C6E-ECBE-4E2F-99CC-B0349EC17E30}"
EndProject
Global
	GlobalSection(SolutionConfigurationPlatforms) = preSolution
		Debug|Any CPU = Debug|Any CPU
		Debug|x86 = Debug|x86
		Release|Any CPU = Release|Any CPU
		Release|x86 = Release|x86
	EndGlobalSection
	GlobalSection(ProjectConfigurationPlatforms) = postSolution
		{C5F80730-F44F-4478-BDAE-6634EFC2CA88}.Debug|Any CPU.ActiveCfg = Debug|Win32
		{C5F80730-F44F-4478-BDAE-6634EFC2CA88}.Debug|x86.ActiveCfg = Debug|Win32
		{C5F80730-F44F-4478-BDAE-6634EFC2CA88}.Debug|x86.Build.0 = Debug|Win32
		{C5F80730-F44F-4478-BDAE-6634EFC2CA88}.Release|Any CPU.ActiveCfg = Release|Win32
		{C5F80730-F44F-4478-BDAE-6634EFC2CA88}.Release|x86.ActiveCfg = Release|Win32
		{C5F80730-F44F-4478-BDAE-6634EFC2CA88}.Release|x86.Build.0 = Release|Win32
		{09112CDF-8949-4F8C-8568-6FD7D8BEDA2C}.Debug|Any CPU.ActiveCfg = Debug|Any CPU
		{09112CDF-8949-4F8C-8568-6FD7D8BEDA2C}.Debug|Any CPU.Build.0 = Debug|Any CPU
		{09112CDF-8949-4F8C-8568-6FD7D8BEDA2C}.Debug|x86.ActiveCfg = Debug|Any CPU
		{09112CDF-8949-4F8C-8568-6FD7D8BEDA2C}.Debug|x86.Build.0 = Debug|Any CPU
		{09112CDF-8949-4F8C-8568-6FD7D8BEDA2C}.Release|Any CPU.ActiveCfg = Release|Any CPU
		{09112CDF-8949-4F8C-8568-6FD7D8BEDA2C}.Release|Any CPU.Build.0 = Release|Any CPU
		{09112CDF-8949-4F8C-8568-6FD7D8BEDA2C}.Release|x86.ActiveCfg = Release|Any CPU
		{09112CDF-8949-4F8C-8568-6FD7D8BEDA2C}.Release|x86.Build.0 = Release|Any CPU
		{A9327C6E-ECBE-4E2F-99CC-B0349EC17E30}.Debug|Any CPU.ActiveCfg = Debug|Any CPU
		{A9327C6E-ECBE-4E2F-99CC-B0349EC17E30}.Debug|Any CPU.Build.0 = Debug|Any CPU
		{A9327C6E-ECBE-4E2F-99CC-B0349EC17E30}.Debug|x86.ActiveCfg = Debug|Any CPU
		{A9327C6E-ECBE-4E2F-99CC-B0349EC17E30}.Debug|x86.Build.0 = Debug|Any CPU
		{A9327C6E-ECBE-4E2F-99CC-B0349EC17E30}.Release|Any CPU.ActiveCfg = Release|Any CPU
		{A9327C6E-ECBE-4E2F-99CC-B0349EC17E30}.Release|Any CPU.Build.0 = Release|Any CPU
		{A9327C6E-ECBE-4E2F-99CC-B0349EC17E30}.Release|x86.ActiveCfg = Release|Any CPU
		{A9327C6E-ECBE-4E2F-99CC-B0349EC17E30}.Release|x86.Build.0 = Release|Any CPU
	EndGlobalSection
	GlobalSection(SolutionProperties) = preSolution
		HideSolutionNode = FALSE
	EndGlobalSection
EndGlobal
